
Microsoft Visual Studio Solution File, Format Version 12.00
# Visual Studio Version 16
VisualStudioVersion = 16.0.29905.134
MinimumVisualStudioVersion = 10.0.40219.1
Project("{02b86f58-8590-4d81-8886-ab88035a34e2}") = "GameLobbyApi", "GameLobbyApi\GameLobbyApi.csproj", "{6facd0c9-dff6-46df-9fb7-94645b437c51}"
EndProject
Global
	GlobalSection(SolutionConfigurationPlatforms) = preSolution
		Debug|Any CPU = Debug|Any CPU
		Release|Any CPU = Release|Any CPU
	EndGlobalSection
	GlobalSection(ProjectConfigurationPlatforms) = postSolution
		{6facd0c9-dff6-46df-9fb7-94645b437c51}.Debug|Any CPU.ActiveCfg = Debug|Any CPU
		{6facd0c9-dff6-46df-9fb7-94645b437c51}.Debug|Any CPU.Build.0 = Debug|Any CPU
		{6facd0c9-dff6-46df-9fb7-94645b437c51}.Release|Any CPU.ActiveCfg = Release|Any CPU
		{6facd0c9-dff6-46df-9fb7-94645b437c51}.Release|Any CPU.Build.0 = Release|Any CPU
	EndGlobalSection
	GlobalSection(SolutionProperties) = preSolution
		HideSolutionNode = FALSE
	EndGlobalSection
	GlobalSection(ExtensibilityGlobals) = postSolution
		SolutionGuid = {051c4c89-fda9-489b-9c01-fb81a12a83b6}
	EndGlobalSection
EndGlobal
